// !$*UTF8*$!
{
	archiveVersion = 1;
	classes = {
	};
	objectVersion = 46;
	objects = {

/* Begin PBXBuildFile section */
		15427CD3198F221400DC375D /* libcocos2d iOS.a in Frameworks */ = {isa = PBXBuildFile; fileRef = 15A8A4251834BDA200142BE0 /* libcocos2d iOS.a */; };
		15427CD5198F222200DC375D /* libluacocos2d iOS.a in Frameworks */ = {isa = PBXBuildFile; fileRef = 15427CD2198F220600DC375D /* libluacocos2d iOS.a */; };
		15427CEC198F24A600DC375D /* libluacocos2d Mac.a in Frameworks */ = {isa = PBXBuildFile; fileRef = 15427CC2198F220600DC375D /* libluacocos2d Mac.a */; };
		15427CEE198F24AF00DC375D /* libcocos2d Mac.a in Frameworks */ = {isa = PBXBuildFile; fileRef = 15A8A4171834BDA200142BE0 /* libcocos2d Mac.a */; };
		15A8A4881834C90F00142BE0 /* libcurl.dylib in Frameworks */ = {isa = PBXBuildFile; fileRef = 15A8A4871834C90E00142BE0 /* libcurl.dylib */; };
		1AF4C403178663F200122817 /* libz.dylib in Frameworks */ = {isa = PBXBuildFile; fileRef = 1AF4C402178663F200122817 /* libz.dylib */; };
		294D0D721D0D572600F7F5D4 /* CoreText.framework in Frameworks */ = {isa = PBXBuildFile; fileRef = 294D0D711D0D572600F7F5D4 /* CoreText.framework */; };
		3EEEDB61197107C0006A9FF8 /* MediaPlayer.framework in Frameworks */ = {isa = PBXBuildFile; fileRef = 3EEEDB60197107C0006A9FF8 /* MediaPlayer.framework */; };
		5023811817EBBCAC00990C9B /* AppController.mm in Sources */ = {isa = PBXBuildFile; fileRef = 5023810817EBBCAC00990C9B /* AppController.mm */; };
		5023812417EBBCAC00990C9B /* main.m in Sources */ = {isa = PBXBuildFile; fileRef = 5023811417EBBCAC00990C9B /* main.m */; };
		5023812517EBBCAC00990C9B /* RootViewController.mm in Sources */ = {isa = PBXBuildFile; fileRef = 5023811717EBBCAC00990C9B /* RootViewController.mm */; };
		5023813317EBBCE400990C9B /* AppDelegate.cpp in Sources */ = {isa = PBXBuildFile; fileRef = F293BB7E15EB831F00256477 /* AppDelegate.cpp */; };
		5023813717EBBCE400990C9B /* libz.dylib in Frameworks */ = {isa = PBXBuildFile; fileRef = 1AF4C402178663F200122817 /* libz.dylib */; };
		5023813E17EBBCE400990C9B /* QuartzCore.framework in Frameworks */ = {isa = PBXBuildFile; fileRef = F293B3CC15EB7BE500256477 /* QuartzCore.framework */; };
		5023814017EBBCE400990C9B /* OpenAL.framework in Frameworks */ = {isa = PBXBuildFile; fileRef = F293B3D015EB7BE500256477 /* OpenAL.framework */; };
		5023814117EBBCE400990C9B /* AudioToolbox.framework in Frameworks */ = {isa = PBXBuildFile; fileRef = F293B3D215EB7BE500256477 /* AudioToolbox.framework */; };
		5023814417EBBCE400990C9B /* Foundation.framework in Frameworks */ = {isa = PBXBuildFile; fileRef = F293B3D815EB7BE500256477 /* Foundation.framework */; };
		5023814517EBBCE400990C9B /* CoreGraphics.framework in Frameworks */ = {isa = PBXBuildFile; fileRef = F293B3DA15EB7BE500256477 /* CoreGraphics.framework */; };
		5023817617EBBE3400990C9B /* Icon.icns in Resources */ = {isa = PBXBuildFile; fileRef = 5023817217EBBE3400990C9B /* Icon.icns */; };
		5023817A17EBBE8300990C9B /* OpenGLES.framework in Frameworks */ = {isa = PBXBuildFile; fileRef = 5023817917EBBE8300990C9B /* OpenGLES.framework */; };
		50805AAF17EBBEAA004CFAD3 /* UIKit.framework in Frameworks */ = {isa = PBXBuildFile; fileRef = 50805AAE17EBBEAA004CFAD3 /* UIKit.framework */; };
		50D7C96C17EBBEDF005D0B91 /* OpenGL.framework in Frameworks */ = {isa = PBXBuildFile; fileRef = 50D7C96B17EBBEDF005D0B91 /* OpenGL.framework */; };
		50D7C96E17EBBEE6005D0B91 /* AppKit.framework in Frameworks */ = {isa = PBXBuildFile; fileRef = 50D7C96D17EBBEE6005D0B91 /* AppKit.framework */; };
		50D7C97017EBBEEC005D0B91 /* IOKit.framework in Frameworks */ = {isa = PBXBuildFile; fileRef = 50D7C96F17EBBEEC005D0B91 /* IOKit.framework */; };
		5200BECA1A53D9A500AC45E4 /* Security.framework in Frameworks */ = {isa = PBXBuildFile; fileRef = 5200BEC91A53D9A500AC45E4 /* Security.framework */; };
		5B25A5552168581C001E2CC6 /* StoreKit.framework in Frameworks */ = {isa = PBXBuildFile; fileRef = 5B25A5542168581C001E2CC6 /* StoreKit.framework */; };
		5B25A5572168581F001E2CC6 /* GameKit.framework in Frameworks */ = {isa = PBXBuildFile; fileRef = 5B25A5562168581F001E2CC6 /* GameKit.framework */; };
		5B25A55A21685922001E2CC6 /* GameKit.framework in Frameworks */ = {isa = PBXBuildFile; fileRef = 5B25A55921685922001E2CC6 /* GameKit.framework */; };
		5B25A55C21685926001E2CC6 /* StoreKit.framework in Frameworks */ = {isa = PBXBuildFile; fileRef = 5B25A55B21685926001E2CC6 /* StoreKit.framework */; };
		5B25A55F21685C1C001E2CC6 /* LuaSkynet.cpp in Sources */ = {isa = PBXBuildFile; fileRef = 5B25A55D21685C1C001E2CC6 /* LuaSkynet.cpp */; };
		5B25A56021685C1C001E2CC6 /* LuaSkynet.cpp in Sources */ = {isa = PBXBuildFile; fileRef = 5B25A55D21685C1C001E2CC6 /* LuaSkynet.cpp */; };
		5B6B3BA32100669D00E3C7B6 /* luaproc.c in Sources */ = {isa = PBXBuildFile; fileRef = 5B6B3B9D2100669C00E3C7B6 /* luaproc.c */; };
		5B6B3BA42100669D00E3C7B6 /* Settings.cpp in Sources */ = {isa = PBXBuildFile; fileRef = 5B6B3B9E2100669C00E3C7B6 /* Settings.cpp */; };
		5B6B3BA52100669D00E3C7B6 /* LuaCall.cpp in Sources */ = {isa = PBXBuildFile; fileRef = 5B6B3BA02100669D00E3C7B6 /* LuaCall.cpp */; };
		5B6B3BAA2100673E00E3C7B6 /* YunChengAI.cpp in Sources */ = {isa = PBXBuildFile; fileRef = 5B6B3BA62100673E00E3C7B6 /* YunChengAI.cpp */; };
		5B6B3BAB2100673E00E3C7B6 /* LuaYunCheng.cpp in Sources */ = {isa = PBXBuildFile; fileRef = 5B6B3BA72100673E00E3C7B6 /* LuaYunCheng.cpp */; };
		5B6B3BAE210067B000E3C7B6 /* PermutationCombine.cpp in Sources */ = {isa = PBXBuildFile; fileRef = 5B6B3BAD210067B000E3C7B6 /* PermutationCombine.cpp */; };
		5B6B3BB12100694200E3C7B6 /* AutoLock.cpp in Sources */ = {isa = PBXBuildFile; fileRef = 5B6B3BAF2100694100E3C7B6 /* AutoLock.cpp */; };
		5BB495DB20B3D1F700199E68 /* Images.xcassets in Resources */ = {isa = PBXBuildFile; fileRef = 5BB495DA20B3D1F700199E68 /* Images.xcassets */; };
		5BB495DD20B3D29F00199E68 /* Default-Landscape.png in Resources */ = {isa = PBXBuildFile; fileRef = 5BB495DC20B3D29F00199E68 /* Default-Landscape.png */; };
		5BB495E020B3D2EA00199E68 /* Localizable.strings in Resources */ = {isa = PBXBuildFile; fileRef = 5BB495DE20B3D2EA00199E68 /* Localizable.strings */; };
		5BB495E120B3D2EA00199E68 /* InfoPlist.strings in Resources */ = {isa = PBXBuildFile; fileRef = 5BB495DF20B3D2EA00199E68 /* InfoPlist.strings */; };
		5BB495E320B3D41E00199E68 /* Launch Screen.storyboard in Resources */ = {isa = PBXBuildFile; fileRef = 5BB495E220B3D41E00199E68 /* Launch Screen.storyboard */; };
		5BB4970320B413A200199E68 /* array.c in Sources */ = {isa = PBXBuildFile; fileRef = 5BB496E920B413A200199E68 /* array.c */; };
		5BB4970420B413A200199E68 /* array.c in Sources */ = {isa = PBXBuildFile; fileRef = 5BB496E920B413A200199E68 /* array.c */; };
		5BB4970520B413A200199E68 /* rmessage.c in Sources */ = {isa = PBXBuildFile; fileRef = 5BB496EB20B413A200199E68 /* rmessage.c */; };
		5BB4970620B413A200199E68 /* rmessage.c in Sources */ = {isa = PBXBuildFile; fileRef = 5BB496EB20B413A200199E68 /* rmessage.c */; };
		5BB4970720B413A200199E68 /* register.c in Sources */ = {isa = PBXBuildFile; fileRef = 5BB496EC20B413A200199E68 /* register.c */; };
		5BB4970820B413A200199E68 /* register.c in Sources */ = {isa = PBXBuildFile; fileRef = 5BB496EC20B413A200199E68 /* register.c */; };
		5BB4970920B413A200199E68 /* decode.c in Sources */ = {isa = PBXBuildFile; fileRef = 5BB496EE20B413A200199E68 /* decode.c */; };
		5BB4970A20B413A200199E68 /* decode.c in Sources */ = {isa = PBXBuildFile; fileRef = 5BB496EE20B413A200199E68 /* decode.c */; };
		5BB4970B20B413A200199E68 /* stringpool.c in Sources */ = {isa = PBXBuildFile; fileRef = 5BB496EF20B413A200199E68 /* stringpool.c */; };
		5BB4970C20B413A200199E68 /* stringpool.c in Sources */ = {isa = PBXBuildFile; fileRef = 5BB496EF20B413A200199E68 /* stringpool.c */; };
		5BB4970D20B413A200199E68 /* alloc.c in Sources */ = {isa = PBXBuildFile; fileRef = 5BB496F220B413A200199E68 /* alloc.c */; };
		5BB4970E20B413A200199E68 /* alloc.c in Sources */ = {isa = PBXBuildFile; fileRef = 5BB496F220B413A200199E68 /* alloc.c */; };
		5BB4970F20B413A200199E68 /* protobuf.lua in Resources */ = {isa = PBXBuildFile; fileRef = 5BB496F420B413A200199E68 /* protobuf.lua */; };
		5BB4971020B413A200199E68 /* protobuf.lua in Resources */ = {isa = PBXBuildFile; fileRef = 5BB496F420B413A200199E68 /* protobuf.lua */; };
		5BB4971120B413A200199E68 /* varint.c in Sources */ = {isa = PBXBuildFile; fileRef = 5BB496F520B413A200199E68 /* varint.c */; };
		5BB4971220B413A200199E68 /* varint.c in Sources */ = {isa = PBXBuildFile; fileRef = 5BB496F520B413A200199E68 /* varint.c */; };
		5BB4971320B413A200199E68 /* pbc-lua.c in Sources */ = {isa = PBXBuildFile; fileRef = 5BB496F620B413A200199E68 /* pbc-lua.c */; };
		5BB4971420B413A200199E68 /* pbc-lua.c in Sources */ = {isa = PBXBuildFile; fileRef = 5BB496F620B413A200199E68 /* pbc-lua.c */; };
		5BB4971520B413A200199E68 /* map.c in Sources */ = {isa = PBXBuildFile; fileRef = 5BB496F820B413A200199E68 /* map.c */; };
		5BB4971620B413A200199E68 /* map.c in Sources */ = {isa = PBXBuildFile; fileRef = 5BB496F820B413A200199E68 /* map.c */; };
		5BB4971720B413A200199E68 /* proto.c in Sources */ = {isa = PBXBuildFile; fileRef = 5BB496F920B413A200199E68 /* proto.c */; };
		5BB4971820B413A200199E68 /* proto.c in Sources */ = {isa = PBXBuildFile; fileRef = 5BB496F920B413A200199E68 /* proto.c */; };
		5BB4971920B413A200199E68 /* context.c in Sources */ = {isa = PBXBuildFile; fileRef = 5BB496FA20B413A200199E68 /* context.c */; };
		5BB4971A20B413A200199E68 /* context.c in Sources */ = {isa = PBXBuildFile; fileRef = 5BB496FA20B413A200199E68 /* context.c */; };
		5BB4971B20B413A200199E68 /* wmessage.c in Sources */ = {isa = PBXBuildFile; fileRef = 5BB496FC20B413A200199E68 /* wmessage.c */; };
		5BB4971C20B413A200199E68 /* wmessage.c in Sources */ = {isa = PBXBuildFile; fileRef = 5BB496FC20B413A200199E68 /* wmessage.c */; };
		5BB4971D20B413A200199E68 /* pattern.c in Sources */ = {isa = PBXBuildFile; fileRef = 5BB496FE20B413A200199E68 /* pattern.c */; };
		5BB4971E20B413A200199E68 /* pattern.c in Sources */ = {isa = PBXBuildFile; fileRef = 5BB496FE20B413A200199E68 /* pattern.c */; };
		5BB4971F20B413A200199E68 /* bootstrap.c in Sources */ = {isa = PBXBuildFile; fileRef = 5BB496FF20B413A200199E68 /* bootstrap.c */; };
		5BB4972020B413A200199E68 /* bootstrap.c in Sources */ = {isa = PBXBuildFile; fileRef = 5BB496FF20B413A200199E68 /* bootstrap.c */; };
		9FA3AE4E1BE9BCC900FC9645 /* CFNetwork.framework in Frameworks */ = {isa = PBXBuildFile; fileRef = 9FA3AE4D1BE9BCC900FC9645 /* CFNetwork.framework */; };
		9FF504841A5E87B100AFDA55 /* ConsoleWindow.xib in Resources */ = {isa = PBXBuildFile; fileRef = 9FF504811A5E87B100AFDA55 /* ConsoleWindow.xib */; };
		9FF504851A5E87B100AFDA55 /* ConsoleWindowController.m in Sources */ = {isa = PBXBuildFile; fileRef = 9FF504831A5E87B100AFDA55 /* ConsoleWindowController.m */; };
		9FF504861A5E881200AFDA55 /* libsimulator Mac.a in Frameworks */ = {isa = PBXBuildFile; fileRef = 9FF5047E1A5E86D600AFDA55 /* libsimulator Mac.a */; };
		9FF504871A5E88CE00AFDA55 /* libsimulator iOS.a in Frameworks */ = {isa = PBXBuildFile; fileRef = 9FF504801A5E86D600AFDA55 /* libsimulator iOS.a */; };
		9FFC07361A4A764100AED399 /* MainMenu.xib in Resources */ = {isa = PBXBuildFile; fileRef = 9FFC07341A4A764100AED399 /* MainMenu.xib */; };
		C03781B918BF655400FE4F13 /* res in Resources */ = {isa = PBXBuildFile; fileRef = C03781B718BF655400FE4F13 /* res */; };
		C03781BA18BF655400FE4F13 /* res in Resources */ = {isa = PBXBuildFile; fileRef = C03781B718BF655400FE4F13 /* res */; };
		C03781BB18BF655400FE4F13 /* src in Resources */ = {isa = PBXBuildFile; fileRef = C03781B818BF655400FE4F13 /* src */; };
		C03781BC18BF655400FE4F13 /* src in Resources */ = {isa = PBXBuildFile; fileRef = C03781B818BF655400FE4F13 /* src */; };
		C05D1C121923449100B808A4 /* config.json in Resources */ = {isa = PBXBuildFile; fileRef = C05D1C111923449100B808A4 /* config.json */; };
		C05D1C131923449100B808A4 /* config.json in Resources */ = {isa = PBXBuildFile; fileRef = C05D1C111923449100B808A4 /* config.json */; };
		C07828F818B4D72E00BD2287 /* main.m in Sources */ = {isa = PBXBuildFile; fileRef = C07828F418B4D72E00BD2287 /* main.m */; };
		C07828FA18B4D72E00BD2287 /* SimulatorApp.mm in Sources */ = {isa = PBXBuildFile; fileRef = C07828F718B4D72E00BD2287 /* SimulatorApp.mm */; };
		D6B061351803AC000077942B /* CoreMotion.framework in Frameworks */ = {isa = PBXBuildFile; fileRef = D6B061341803AC000077942B /* CoreMotion.framework */; };
		DA9E7D881AB1ABCC004B27C8 /* Security.framework in Frameworks */ = {isa = PBXBuildFile; fileRef = DA9E7D871AB1ABCC004B27C8 /* Security.framework */; };
		ED545A891B68A23E00C3958E /* libiconv.dylib in Frameworks */ = {isa = PBXBuildFile; fileRef = ED545A881B68A23E00C3958E /* libiconv.dylib */; };
		ED545A8B1B68A24500C3958E /* libiconv.dylib in Frameworks */ = {isa = PBXBuildFile; fileRef = ED545A8A1B68A24500C3958E /* libiconv.dylib */; };
		F293B3CD15EB7BE500256477 /* QuartzCore.framework in Frameworks */ = {isa = PBXBuildFile; fileRef = F293B3CC15EB7BE500256477 /* QuartzCore.framework */; };
		F293B3D115EB7BE500256477 /* OpenAL.framework in Frameworks */ = {isa = PBXBuildFile; fileRef = F293B3D015EB7BE500256477 /* OpenAL.framework */; };
		F293B3D315EB7BE500256477 /* AudioToolbox.framework in Frameworks */ = {isa = PBXBuildFile; fileRef = F293B3D215EB7BE500256477 /* AudioToolbox.framework */; };
		F293B3D515EB7BE500256477 /* AVFoundation.framework in Frameworks */ = {isa = PBXBuildFile; fileRef = F293B3D415EB7BE500256477 /* AVFoundation.framework */; };
		F293B3D915EB7BE500256477 /* Foundation.framework in Frameworks */ = {isa = PBXBuildFile; fileRef = F293B3D815EB7BE500256477 /* Foundation.framework */; };
		F293B3DB15EB7BE500256477 /* CoreGraphics.framework in Frameworks */ = {isa = PBXBuildFile; fileRef = F293B3DA15EB7BE500256477 /* CoreGraphics.framework */; };
		F293BB9C15EB831F00256477 /* AppDelegate.cpp in Sources */ = {isa = PBXBuildFile; fileRef = F293BB7E15EB831F00256477 /* AppDelegate.cpp */; };
/* End PBXBuildFile section */

/* Begin PBXContainerItemProxy section */
		152A349E199CE72E004B68DC /* PBXContainerItemProxy */ = {
			isa = PBXContainerItemProxy;
			containerPortal = C03781AE18BF654500FE4F13 /* cocos2d_lua_bindings.xcodeproj */;
			proxyType = 1;
			remoteGlobalIDString = 15EFA59E198B2DAA000C57D3;
			remoteInfo = "libluacocos2d iOS";
		};
		152A34B8199CE758004B68DC /* PBXContainerItemProxy */ = {
			isa = PBXContainerItemProxy;
			containerPortal = C03781AE18BF654500FE4F13 /* cocos2d_lua_bindings.xcodeproj */;
			proxyType = 1;
			remoteGlobalIDString = 15C1C255198748D200A46ACC;
			remoteInfo = "libluacocos2d Mac";
		};
		15427CC1198F220600DC375D /* PBXContainerItemProxy */ = {
			isa = PBXContainerItemProxy;
			containerPortal = C03781AE18BF654500FE4F13 /* cocos2d_lua_bindings.xcodeproj */;
			proxyType = 2;
			remoteGlobalIDString = 15C1C2CC198748D200A46ACC;
			remoteInfo = "libluacocos2d Mac";
		};
		15427CD1198F220600DC375D /* PBXContainerItemProxy */ = {
			isa = PBXContainerItemProxy;
			containerPortal = C03781AE18BF654500FE4F13 /* cocos2d_lua_bindings.xcodeproj */;
			proxyType = 2;
			remoteGlobalIDString = 15EFA616198B2DAA000C57D3;
			remoteInfo = "libluacocos2d iOS";
		};
		15A8A4161834BDA200142BE0 /* PBXContainerItemProxy */ = {
			isa = PBXContainerItemProxy;
			containerPortal = 15A8A4031834BDA200142BE0 /* cocos2d_libs.xcodeproj */;
			proxyType = 2;
			remoteGlobalIDString = 1551A33F158F2AB200E66CFE;
			remoteInfo = "cocos2dx Mac";
		};
		15A8A4241834BDA200142BE0 /* PBXContainerItemProxy */ = {
			isa = PBXContainerItemProxy;
			containerPortal = 15A8A4031834BDA200142BE0 /* cocos2d_libs.xcodeproj */;
			proxyType = 2;
			remoteGlobalIDString = A07A4D641783777C0073F6A7;
			remoteInfo = "cocos2dx iOS";
		};
		15D1F3081994BBCA00302043 /* PBXContainerItemProxy */ = {
			isa = PBXContainerItemProxy;
			containerPortal = 15A8A4031834BDA200142BE0 /* cocos2d_libs.xcodeproj */;
			proxyType = 1;
			remoteGlobalIDString = A07A4C241783777C0073F6A7;
			remoteInfo = "libcocos2d iOS";
		};
		5BB495D520B3BB5B00199E68 /* PBXContainerItemProxy */ = {
			isa = PBXContainerItemProxy;
			containerPortal = 15A8A4031834BDA200142BE0 /* cocos2d_libs.xcodeproj */;
			proxyType = 2;
			remoteGlobalIDString = 507B40FD1C31BDD30067B53E;
			remoteInfo = "libcocos2d tvOS";
		};
		5BB495D820B3BB5B00199E68 /* PBXContainerItemProxy */ = {
			isa = PBXContainerItemProxy;
			containerPortal = C03781AE18BF654500FE4F13 /* cocos2d_lua_bindings.xcodeproj */;
			proxyType = 2;
			remoteGlobalIDString = 507B43531C31FA0C0067B53E;
			remoteInfo = "libluacocos2d tvOS";
		};
		9FEE0E431A5FC95000FEA1B0 /* PBXContainerItemProxy */ = {
			isa = PBXContainerItemProxy;
			containerPortal = 9FF504781A5E86D600AFDA55 /* libsimulator.xcodeproj */;
			proxyType = 1;
			remoteGlobalIDString = 9F7214341A5C271F00DAED06;
			remoteInfo = libsimulator;
		};
		9FF5047D1A5E86D600AFDA55 /* PBXContainerItemProxy */ = {
			isa = PBXContainerItemProxy;
			containerPortal = 9FF504781A5E86D600AFDA55 /* libsimulator.xcodeproj */;
			proxyType = 2;
			remoteGlobalIDString = 9F7214351A5C271F00DAED06;
			remoteInfo = libsimulator;
		};
		9FF5047F1A5E86D600AFDA55 /* PBXContainerItemProxy */ = {
			isa = PBXContainerItemProxy;
			containerPortal = 9FF504781A5E86D600AFDA55 /* libsimulator.xcodeproj */;
			proxyType = 2;
			remoteGlobalIDString = 9F7214851A5C28BA00DAED06;
			remoteInfo = libsimulator_iOS;
		};
		9FF504881A5E8B4C00AFDA55 /* PBXContainerItemProxy */ = {
			isa = PBXContainerItemProxy;
			containerPortal = 9FF504781A5E86D600AFDA55 /* libsimulator.xcodeproj */;
			proxyType = 1;
			remoteGlobalIDString = 9F7214841A5C28BA00DAED06;
			remoteInfo = libsimulator_iOS;
		};
		C0A2F04018975FF80072A7AB /* PBXContainerItemProxy */ = {
			isa = PBXContainerItemProxy;
			containerPortal = 15A8A4031834BDA200142BE0 /* cocos2d_libs.xcodeproj */;
			proxyType = 1;
			remoteGlobalIDString = 1551A33E158F2AB200E66CFE;
			remoteInfo = "cocos2dx Mac";
		};
/* End PBXContainerItemProxy section */

/* Begin PBXFileReference section */
		15427CE2198F237300DC375D /* lua_module_register.h */ = {isa = PBXFileReference; fileEncoding = 4; lastKnownFileType = sourcecode.c.h; name = lua_module_register.h; path = ../Classes/lua_module_register.h; sourceTree = "<group>"; };
		15A8A4031834BDA200142BE0 /* cocos2d_libs.xcodeproj */ = {isa = PBXFileReference; lastKnownFileType = "wrapper.pb-project"; name = cocos2d_libs.xcodeproj; path = "../../cocos2d-x/build/cocos2d_libs.xcodeproj"; sourceTree = "<group>"; };
		15A8A4871834C90E00142BE0 /* libcurl.dylib */ = {isa = PBXFileReference; lastKnownFileType = "compiled.mach-o.dylib"; name = libcurl.dylib; path = usr/lib/libcurl.dylib; sourceTree = SDKROOT; };
		15C1568D1683131500D239F2 /* libcurl.a */ = {isa = PBXFileReference; lastKnownFileType = archive.ar; name = libcurl.a; path = "../../cocos2d-x/cocos2dx/platform/third_party/ios/libraries/libcurl.a"; sourceTree = "<group>"; };
		1AF4C402178663F200122817 /* libz.dylib */ = {isa = PBXFileReference; lastKnownFileType = "compiled.mach-o.dylib"; name = libz.dylib; path = usr/lib/libz.dylib; sourceTree = SDKROOT; };
		294D0D711D0D572600F7F5D4 /* CoreText.framework */ = {isa = PBXFileReference; lastKnownFileType = wrapper.framework; name = CoreText.framework; path = Platforms/iPhoneOS.platform/Developer/SDKs/iPhoneOS.sdk/System/Library/Frameworks/CoreText.framework; sourceTree = DEVELOPER_DIR; };
		3EEEDB60197107C0006A9FF8 /* MediaPlayer.framework */ = {isa = PBXFileReference; lastKnownFileType = wrapper.framework; name = MediaPlayer.framework; path = Platforms/iPhoneOS.platform/Developer/SDKs/iPhoneOS.sdk/System/Library/Frameworks/MediaPlayer.framework; sourceTree = DEVELOPER_DIR; };
		5023810717EBBCAC00990C9B /* AppController.h */ = {isa = PBXFileReference; fileEncoding = 4; lastKnownFileType = sourcecode.c.h; path = AppController.h; sourceTree = "<group>"; };
		5023810817EBBCAC00990C9B /* AppController.mm */ = {isa = PBXFileReference; fileEncoding = 4; lastKnownFileType = sourcecode.cpp.objcpp; path = AppController.mm; sourceTree = "<group>"; };
		5023811317EBBCAC00990C9B /* Info.plist */ = {isa = PBXFileReference; fileEncoding = 4; lastKnownFileType = text.plist.xml; path = Info.plist; sourceTree = "<group>"; };
		5023811417EBBCAC00990C9B /* main.m */ = {isa = PBXFileReference; fileEncoding = 4; lastKnownFileType = sourcecode.c.objc; path = main.m; sourceTree = "<group>"; };
		5023811517EBBCAC00990C9B /* Prefix.pch */ = {isa = PBXFileReference; fileEncoding = 4; lastKnownFileType = sourcecode.c.h; path = Prefix.pch; sourceTree = "<group>"; };
		5023811617EBBCAC00990C9B /* RootViewController.h */ = {isa = PBXFileReference; fileEncoding = 4; lastKnownFileType = sourcecode.c.h; path = RootViewController.h; sourceTree = "<group>"; };
		5023811717EBBCAC00990C9B /* RootViewController.mm */ = {isa = PBXFileReference; fileEncoding = 4; lastKnownFileType = sourcecode.cpp.objcpp; path = RootViewController.mm; sourceTree = "<group>"; };
		5023816B17EBBCE400990C9B /* DouDiZhu-desktop.app */ = {isa = PBXFileReference; explicitFileType = wrapper.application; includeInIndex = 0; path = "DouDiZhu-desktop.app"; sourceTree = BUILT_PRODUCTS_DIR; };
		5023817217EBBE3400990C9B /* Icon.icns */ = {isa = PBXFileReference; lastKnownFileType = image.icns; path = Icon.icns; sourceTree = "<group>"; };
		5023817317EBBE3400990C9B /* Info.plist */ = {isa = PBXFileReference; fileEncoding = 4; lastKnownFileType = text.plist.xml; path = Info.plist; sourceTree = "<group>"; };
		5023817517EBBE3400990C9B /* Prefix.pch */ = {isa = PBXFileReference; fileEncoding = 4; lastKnownFileType = sourcecode.c.h; path = Prefix.pch; sourceTree = "<group>"; };
		5023817917EBBE8300990C9B /* OpenGLES.framework */ = {isa = PBXFileReference; lastKnownFileType = wrapper.framework; name = OpenGLES.framework; path = Platforms/iPhoneOS.platform/Developer/SDKs/iPhoneOS.sdk/System/Library/Frameworks/OpenGLES.framework; sourceTree = DEVELOPER_DIR; };
		50805AAE17EBBEAA004CFAD3 /* UIKit.framework */ = {isa = PBXFileReference; lastKnownFileType = wrapper.framework; name = UIKit.framework; path = Platforms/iPhoneOS.platform/Developer/SDKs/iPhoneOS.sdk/System/Library/Frameworks/UIKit.framework; sourceTree = DEVELOPER_DIR; };
		50D7C96B17EBBEDF005D0B91 /* OpenGL.framework */ = {isa = PBXFileReference; lastKnownFileType = wrapper.framework; name = OpenGL.framework; path = System/Library/Frameworks/OpenGL.framework; sourceTree = SDKROOT; };
		50D7C96D17EBBEE6005D0B91 /* AppKit.framework */ = {isa = PBXFileReference; lastKnownFileType = wrapper.framework; name = AppKit.framework; path = System/Library/Frameworks/AppKit.framework; sourceTree = SDKROOT; };
		50D7C96F17EBBEEC005D0B91 /* IOKit.framework */ = {isa = PBXFileReference; lastKnownFileType = wrapper.framework; name = IOKit.framework; path = System/Library/Frameworks/IOKit.framework; sourceTree = SDKROOT; };
		5200BEC91A53D9A500AC45E4 /* Security.framework */ = {isa = PBXFileReference; lastKnownFileType = wrapper.framework; name = Security.framework; path = Platforms/iPhoneOS.platform/Developer/SDKs/iPhoneOS.sdk/System/Library/Frameworks/Security.framework; sourceTree = DEVELOPER_DIR; };
		5B25A5542168581C001E2CC6 /* StoreKit.framework */ = {isa = PBXFileReference; lastKnownFileType = wrapper.framework; name = StoreKit.framework; path = Platforms/iPhoneOS.platform/Developer/SDKs/iPhoneOS12.0.sdk/System/Library/Frameworks/StoreKit.framework; sourceTree = DEVELOPER_DIR; };
		5B25A5562168581F001E2CC6 /* GameKit.framework */ = {isa = PBXFileReference; lastKnownFileType = wrapper.framework; name = GameKit.framework; path = Platforms/iPhoneOS.platform/Developer/SDKs/iPhoneOS12.0.sdk/System/Library/Frameworks/GameKit.framework; sourceTree = DEVELOPER_DIR; };
		5B25A55821685914001E2CC6 /* DouDiZhu-desktop.entitlements */ = {isa = PBXFileReference; lastKnownFileType = text.plist.entitlements; path = "DouDiZhu-desktop.entitlements"; sourceTree = "<group>"; };
		5B25A55921685922001E2CC6 /* GameKit.framework */ = {isa = PBXFileReference; lastKnownFileType = wrapper.framework; name = GameKit.framework; path = System/Library/Frameworks/GameKit.framework; sourceTree = SDKROOT; };
		5B25A55B21685926001E2CC6 /* StoreKit.framework */ = {isa = PBXFileReference; lastKnownFileType = wrapper.framework; name = StoreKit.framework; path = System/Library/Frameworks/StoreKit.framework; sourceTree = SDKROOT; };
		5B25A55D21685C1C001E2CC6 /* LuaSkynet.cpp */ = {isa = PBXFileReference; fileEncoding = 4; lastKnownFileType = sourcecode.cpp.cpp; name = LuaSkynet.cpp; path = ../Classes/LuaSkynet.cpp; sourceTree = "<group>"; };
		5B25A55E21685C1C001E2CC6 /* LuaSkynet.h */ = {isa = PBXFileReference; fileEncoding = 4; lastKnownFileType = sourcecode.c.h; name = LuaSkynet.h; path = ../Classes/LuaSkynet.h; sourceTree = "<group>"; };
		5B6B3B9A2100669C00E3C7B6 /* luaproc.h */ = {isa = PBXFileReference; fileEncoding = 4; lastKnownFileType = sourcecode.c.h; name = luaproc.h; path = ../Classes/luaproc.h; sourceTree = "<group>"; };
		5B6B3B9D2100669C00E3C7B6 /* luaproc.c */ = {isa = PBXFileReference; fileEncoding = 4; lastKnownFileType = sourcecode.c.c; name = luaproc.c; path = ../Classes/luaproc.c; sourceTree = "<group>"; };
		5B6B3B9E2100669C00E3C7B6 /* Settings.cpp */ = {isa = PBXFileReference; fileEncoding = 4; lastKnownFileType = sourcecode.cpp.cpp; name = Settings.cpp; path = ../Classes/Settings.cpp; sourceTree = "<group>"; };
		5B6B3B9F2100669D00E3C7B6 /* Settings.h */ = {isa = PBXFileReference; fileEncoding = 4; lastKnownFileType = sourcecode.c.h; name = Settings.h; path = ../Classes/Settings.h; sourceTree = "<group>"; };
		5B6B3BA02100669D00E3C7B6 /* LuaCall.cpp */ = {isa = PBXFileReference; fileEncoding = 4; lastKnownFileType = sourcecode.cpp.cpp; name = LuaCall.cpp; path = ../Classes/LuaCall.cpp; sourceTree = "<group>"; };
		5B6B3BA12100669D00E3C7B6 /* LuaCall.h */ = {isa = PBXFileReference; fileEncoding = 4; lastKnownFileType = sourcecode.c.h; name = LuaCall.h; path = ../Classes/LuaCall.h; sourceTree = "<group>"; };
		5B6B3BA22100669D00E3C7B6 /* Constants.h */ = {isa = PBXFileReference; fileEncoding = 4; lastKnownFileType = sourcecode.c.h; name = Constants.h; path = ../Classes/Constants.h; sourceTree = "<group>"; };
		5B6B3BA62100673E00E3C7B6 /* YunChengAI.cpp */ = {isa = PBXFileReference; fileEncoding = 4; lastKnownFileType = sourcecode.cpp.cpp; name = YunChengAI.cpp; path = ../Classes/YunChengAI.cpp; sourceTree = "<group>"; };
		5B6B3BA72100673E00E3C7B6 /* LuaYunCheng.cpp */ = {isa = PBXFileReference; fileEncoding = 4; lastKnownFileType = sourcecode.cpp.cpp; name = LuaYunCheng.cpp; path = ../Classes/LuaYunCheng.cpp; sourceTree = "<group>"; };
		5B6B3BA82100673E00E3C7B6 /* YunChengAI.h */ = {isa = PBXFileReference; fileEncoding = 4; lastKnownFileType = sourcecode.c.h; name = YunChengAI.h; path = ../Classes/YunChengAI.h; sourceTree = "<group>"; };
		5B6B3BA92100673E00E3C7B6 /* LuaYunCheng.h */ = {isa = PBXFileReference; fileEncoding = 4; lastKnownFileType = sourcecode.c.h; name = LuaYunCheng.h; path = ../Classes/LuaYunCheng.h; sourceTree = "<group>"; };
		5B6B3BAC210067AF00E3C7B6 /* PermutationCombine.h */ = {isa = PBXFileReference; fileEncoding = 4; lastKnownFileType = sourcecode.c.h; name = PermutationCombine.h; path = ../Classes/PermutationCombine.h; sourceTree = "<group>"; };
		5B6B3BAD210067B000E3C7B6 /* PermutationCombine.cpp */ = {isa = PBXFileReference; fileEncoding = 4; lastKnownFileType = sourcecode.cpp.cpp; name = PermutationCombine.cpp; path = ../Classes/PermutationCombine.cpp; sourceTree = "<group>"; };
		5B6B3BAF2100694100E3C7B6 /* AutoLock.cpp */ = {isa = PBXFileReference; fileEncoding = 4; lastKnownFileType = sourcecode.cpp.cpp; name = AutoLock.cpp; path = ../Classes/AutoLock.cpp; sourceTree = "<group>"; };
		5B6B3BB02100694100E3C7B6 /* AutoLock.h */ = {isa = PBXFileReference; fileEncoding = 4; lastKnownFileType = sourcecode.c.h; name = AutoLock.h; path = ../Classes/AutoLock.h; sourceTree = "<group>"; };
		5BB495DA20B3D1F700199E68 /* Images.xcassets */ = {isa = PBXFileReference; lastKnownFileType = folder.assetcatalog; name = Images.xcassets; path = "DouDiZhu-mobile/Images.xcassets"; sourceTree = SOURCE_ROOT; };
		5BB495DC20B3D29F00199E68 /* Default-Landscape.png */ = {isa = PBXFileReference; lastKnownFileType = image.png; name = "Default-Landscape.png"; path = "../../../Default-Landscape.png"; sourceTree = "<group>"; };
		5BB495DE20B3D2EA00199E68 /* Localizable.strings */ = {isa = PBXFileReference; fileEncoding = 4; lastKnownFileType = text.plist.strings; path = Localizable.strings; sourceTree = SOURCE_ROOT; };
		5BB495DF20B3D2EA00199E68 /* InfoPlist.strings */ = {isa = PBXFileReference; fileEncoding = 4; lastKnownFileType = text.plist.strings; path = InfoPlist.strings; sourceTree = SOURCE_ROOT; };
		5BB495E220B3D41E00199E68 /* Launch Screen.storyboard */ = {isa = PBXFileReference; fileEncoding = 4; lastKnownFileType = file.storyboard; path = "Launch Screen.storyboard"; sourceTree = "<group>"; };
		5BB496E520B413A200199E68 /* pbc-lua.h */ = {isa = PBXFileReference; fileEncoding = 4; lastKnownFileType = sourcecode.c.h; path = "pbc-lua.h"; sourceTree = "<group>"; };
		5BB496E620B413A200199E68 /* varint.h */ = {isa = PBXFileReference; fileEncoding = 4; lastKnownFileType = sourcecode.c.h; path = varint.h; sourceTree = "<group>"; };
		5BB496E720B413A200199E68 /* proto.h */ = {isa = PBXFileReference; fileEncoding = 4; lastKnownFileType = sourcecode.c.h; path = proto.h; sourceTree = "<group>"; };
		5BB496E820B413A200199E68 /* descriptor.pbc.h */ = {isa = PBXFileReference; fileEncoding = 4; lastKnownFileType = sourcecode.c.h; path = descriptor.pbc.h; sourceTree = "<group>"; };
		5BB496E920B413A200199E68 /* array.c */ = {isa = PBXFileReference; fileEncoding = 4; lastKnownFileType = sourcecode.c.c; path = array.c; sourceTree = "<group>"; };
		5BB496EA20B413A200199E68 /* map.h */ = {isa = PBXFileReference; fileEncoding = 4; lastKnownFileType = sourcecode.c.h; path = map.h; sourceTree = "<group>"; };
		5BB496EB20B413A200199E68 /* rmessage.c */ = {isa = PBXFileReference; fileEncoding = 4; lastKnownFileType = sourcecode.c.c; path = rmessage.c; sourceTree = "<group>"; };
		5BB496EC20B413A200199E68 /* register.c */ = {isa = PBXFileReference; fileEncoding = 4; lastKnownFileType = sourcecode.c.c; path = register.c; sourceTree = "<group>"; };
		5BB496ED20B413A200199E68 /* context.h */ = {isa = PBXFileReference; fileEncoding = 4; lastKnownFileType = sourcecode.c.h; path = context.h; sourceTree = "<group>"; };
		5BB496EE20B413A200199E68 /* decode.c */ = {isa = PBXFileReference; fileEncoding = 4; lastKnownFileType = sourcecode.c.c; path = decode.c; sourceTree = "<group>"; };
		5BB496EF20B413A200199E68 /* stringpool.c */ = {isa = PBXFileReference; fileEncoding = 4; lastKnownFileType = sourcecode.c.c; path = stringpool.c; sourceTree = "<group>"; };
		5BB496F020B413A200199E68 /* bootstrap.h */ = {isa = PBXFileReference; fileEncoding = 4; lastKnownFileType = sourcecode.c.h; path = bootstrap.h; sourceTree = "<group>"; };
		5BB496F120B413A200199E68 /* pattern.h */ = {isa = PBXFileReference; fileEncoding = 4; lastKnownFileType = sourcecode.c.h; path = pattern.h; sourceTree = "<group>"; };
		5BB496F220B413A200199E68 /* alloc.c */ = {isa = PBXFileReference; fileEncoding = 4; lastKnownFileType = sourcecode.c.c; path = alloc.c; sourceTree = "<group>"; };
		5BB496F420B413A200199E68 /* protobuf.lua */ = {isa = PBXFileReference; fileEncoding = 4; lastKnownFileType = text; path = protobuf.lua; sourceTree = "<group>"; };
		5BB496F520B413A200199E68 /* varint.c */ = {isa = PBXFileReference; fileEncoding = 4; lastKnownFileType = sourcecode.c.c; path = varint.c; sourceTree = "<group>"; };
		5BB496F620B413A200199E68 /* pbc-lua.c */ = {isa = PBXFileReference; fileEncoding = 4; lastKnownFileType = sourcecode.c.c; path = "pbc-lua.c"; sourceTree = "<group>"; };
		5BB496F720B413A200199E68 /* array.h */ = {isa = PBXFileReference; fileEncoding = 4; lastKnownFileType = sourcecode.c.h; path = array.h; sourceTree = "<group>"; };
		5BB496F820B413A200199E68 /* map.c */ = {isa = PBXFileReference; fileEncoding = 4; lastKnownFileType = sourcecode.c.c; path = map.c; sourceTree = "<group>"; };
		5BB496F920B413A200199E68 /* proto.c */ = {isa = PBXFileReference; fileEncoding = 4; lastKnownFileType = sourcecode.c.c; path = proto.c; sourceTree = "<group>"; };
		5BB496FA20B413A200199E68 /* context.c */ = {isa = PBXFileReference; fileEncoding = 4; lastKnownFileType = sourcecode.c.c; path = context.c; sourceTree = "<group>"; };
		5BB496FB20B413A200199E68 /* pbc.h */ = {isa = PBXFileReference; fileEncoding = 4; lastKnownFileType = sourcecode.c.h; path = pbc.h; sourceTree = "<group>"; };
		5BB496FC20B413A200199E68 /* wmessage.c */ = {isa = PBXFileReference; fileEncoding = 4; lastKnownFileType = sourcecode.c.c; path = wmessage.c; sourceTree = "<group>"; };
		5BB496FD20B413A200199E68 /* alloc.h */ = {isa = PBXFileReference; fileEncoding = 4; lastKnownFileType = sourcecode.c.h; path = alloc.h; sourceTree = "<group>"; };
		5BB496FE20B413A200199E68 /* pattern.c */ = {isa = PBXFileReference; fileEncoding = 4; lastKnownFileType = sourcecode.c.c; path = pattern.c; sourceTree = "<group>"; };
		5BB496FF20B413A200199E68 /* bootstrap.c */ = {isa = PBXFileReference; fileEncoding = 4; lastKnownFileType = sourcecode.c.c; path = bootstrap.c; sourceTree = "<group>"; };
		5BB4970020B413A200199E68 /* stringpool.h */ = {isa = PBXFileReference; fileEncoding = 4; lastKnownFileType = sourcecode.c.h; path = stringpool.h; sourceTree = "<group>"; };
		9FA3AE4D1BE9BCC900FC9645 /* CFNetwork.framework */ = {isa = PBXFileReference; lastKnownFileType = wrapper.framework; name = CFNetwork.framework; path = Platforms/iPhoneOS.platform/Developer/SDKs/iPhoneOS.sdk/System/Library/Frameworks/CFNetwork.framework; sourceTree = DEVELOPER_DIR; };
		9FF504781A5E86D600AFDA55 /* libsimulator.xcodeproj */ = {isa = PBXFileReference; lastKnownFileType = "wrapper.pb-project"; name = libsimulator.xcodeproj; path = "../../cocos2d-x/tools/simulator/libsimulator/proj.ios_mac/libsimulator.xcodeproj"; sourceTree = "<group>"; };
		9FF504811A5E87B100AFDA55 /* ConsoleWindow.xib */ = {isa = PBXFileReference; fileEncoding = 4; lastKnownFileType = file.xib; path = ConsoleWindow.xib; sourceTree = "<group>"; };
		9FF504821A5E87B100AFDA55 /* ConsoleWindowController.h */ = {isa = PBXFileReference; fileEncoding = 4; lastKnownFileType = sourcecode.c.h; path = ConsoleWindowController.h; sourceTree = "<group>"; };
		9FF504831A5E87B100AFDA55 /* ConsoleWindowController.m */ = {isa = PBXFileReference; fileEncoding = 4; lastKnownFileType = sourcecode.c.objc; path = ConsoleWindowController.m; sourceTree = "<group>"; };
		9FFC07351A4A764100AED399 /* Base */ = {isa = PBXFileReference; lastKnownFileType = file.xib; name = Base; path = Base.lproj/MainMenu.xib; sourceTree = "<group>"; };
		9FFC07371A4A765100AED399 /* zh-Hans */ = {isa = PBXFileReference; lastKnownFileType = file.xib; name = "zh-Hans"; path = "zh-Hans.lproj/MainMenu.xib"; sourceTree = "<group>"; };
		C03781AE18BF654500FE4F13 /* cocos2d_lua_bindings.xcodeproj */ = {isa = PBXFileReference; lastKnownFileType = "wrapper.pb-project"; name = cocos2d_lua_bindings.xcodeproj; path = "../../cocos2d-x/cocos/scripting/lua-bindings/proj.ios_mac/cocos2d_lua_bindings.xcodeproj"; sourceTree = "<group>"; };
		C03781B718BF655400FE4F13 /* res */ = {isa = PBXFileReference; lastKnownFileType = folder; name = res; path = ../../../res; sourceTree = "<group>"; };
		C03781B818BF655400FE4F13 /* src */ = {isa = PBXFileReference; lastKnownFileType = folder; name = src; path = ../../../src; sourceTree = "<group>"; };
		C05D1C111923449100B808A4 /* config.json */ = {isa = PBXFileReference; fileEncoding = 4; lastKnownFileType = text.json; name = config.json; path = ../../../config.json; sourceTree = "<group>"; };
		C07828F418B4D72E00BD2287 /* main.m */ = {isa = PBXFileReference; fileEncoding = 4; lastKnownFileType = sourcecode.c.objc; path = main.m; sourceTree = "<group>"; };
		C07828F618B4D72E00BD2287 /* SimulatorApp.h */ = {isa = PBXFileReference; fileEncoding = 4; lastKnownFileType = sourcecode.c.h; path = SimulatorApp.h; sourceTree = "<group>"; };
		C07828F718B4D72E00BD2287 /* SimulatorApp.mm */ = {isa = PBXFileReference; fileEncoding = 4; lastKnownFileType = sourcecode.cpp.objcpp; path = SimulatorApp.mm; sourceTree = "<group>"; };
		D6B061341803AC000077942B /* CoreMotion.framework */ = {isa = PBXFileReference; lastKnownFileType = wrapper.framework; name = CoreMotion.framework; path = Platforms/iPhoneOS.platform/Developer/SDKs/iPhoneOS.sdk/System/Library/Frameworks/CoreMotion.framework; sourceTree = DEVELOPER_DIR; };
		DA9E7D871AB1ABCC004B27C8 /* Security.framework */ = {isa = PBXFileReference; lastKnownFileType = wrapper.framework; name = Security.framework; path = System/Library/Frameworks/Security.framework; sourceTree = SDKROOT; };
		ED545A881B68A23E00C3958E /* libiconv.dylib */ = {isa = PBXFileReference; lastKnownFileType = "compiled.mach-o.dylib"; name = libiconv.dylib; path = Platforms/iPhoneOS.platform/Developer/SDKs/iPhoneOS.sdk/usr/lib/libiconv.dylib; sourceTree = DEVELOPER_DIR; };
		ED545A8A1B68A24500C3958E /* libiconv.dylib */ = {isa = PBXFileReference; lastKnownFileType = "compiled.mach-o.dylib"; name = libiconv.dylib; path = usr/lib/libiconv.dylib; sourceTree = SDKROOT; };
		F293B3C815EB7BE500256477 /* DouDiZhu-mobile.app */ = {isa = PBXFileReference; explicitFileType = wrapper.application; includeInIndex = 0; path = "DouDiZhu-mobile.app"; sourceTree = BUILT_PRODUCTS_DIR; };
		F293B3CC15EB7BE500256477 /* QuartzCore.framework */ = {isa = PBXFileReference; lastKnownFileType = wrapper.framework; name = QuartzCore.framework; path = System/Library/Frameworks/QuartzCore.framework; sourceTree = SDKROOT; };
		F293B3CE15EB7BE500256477 /* OpenGLES.framework */ = {isa = PBXFileReference; lastKnownFileType = wrapper.framework; name = OpenGLES.framework; path = System/Library/Frameworks/OpenGLES.framework; sourceTree = SDKROOT; };
		F293B3D015EB7BE500256477 /* OpenAL.framework */ = {isa = PBXFileReference; lastKnownFileType = wrapper.framework; name = OpenAL.framework; path = System/Library/Frameworks/OpenAL.framework; sourceTree = SDKROOT; };
		F293B3D215EB7BE500256477 /* AudioToolbox.framework */ = {isa = PBXFileReference; lastKnownFileType = wrapper.framework; name = AudioToolbox.framework; path = System/Library/Frameworks/AudioToolbox.framework; sourceTree = SDKROOT; };
		F293B3D415EB7BE500256477 /* AVFoundation.framework */ = {isa = PBXFileReference; lastKnownFileType = wrapper.framework; name = AVFoundation.framework; path = System/Library/Frameworks/AVFoundation.framework; sourceTree = SDKROOT; };
		F293B3D615EB7BE500256477 /* UIKit.framework */ = {isa = PBXFileReference; lastKnownFileType = wrapper.framework; name = UIKit.framework; path = System/Library/Frameworks/UIKit.framework; sourceTree = SDKROOT; };
		F293B3D815EB7BE500256477 /* Foundation.framework */ = {isa = PBXFileReference; lastKnownFileType = wrapper.framework; name = Foundation.framework; path = System/Library/Frameworks/Foundation.framework; sourceTree = SDKROOT; };
		F293B3DA15EB7BE500256477 /* CoreGraphics.framework */ = {isa = PBXFileReference; lastKnownFileType = wrapper.framework; name = CoreGraphics.framework; path = System/Library/Frameworks/CoreGraphics.framework; sourceTree = SDKROOT; };
		F293BB7E15EB831F00256477 /* AppDelegate.cpp */ = {isa = PBXFileReference; fileEncoding = 4; lastKnownFileType = sourcecode.cpp.cpp; name = AppDelegate.cpp; path = ../Classes/AppDelegate.cpp; sourceTree = "<group>"; };
		F293BB7F15EB831F00256477 /* AppDelegate.h */ = {isa = PBXFileReference; fileEncoding = 4; lastKnownFileType = sourcecode.c.h; name = AppDelegate.h; path = ../Classes/AppDelegate.h; sourceTree = "<group>"; };
/* End PBXFileReference section */

/* Begin PBXFrameworksBuildPhase section */
		5023813617EBBCE400990C9B /* Frameworks */ = {
			isa = PBXFrameworksBuildPhase;
			buildActionMask = 2147483647;
			files = (
				ED545A8B1B68A24500C3958E /* libiconv.dylib in Frameworks */,
				DA9E7D881AB1ABCC004B27C8 /* Security.framework in Frameworks */,
				9FF504861A5E881200AFDA55 /* libsimulator Mac.a in Frameworks */,
				15427CEE198F24AF00DC375D /* libcocos2d Mac.a in Frameworks */,
				15427CEC198F24A600DC375D /* libluacocos2d Mac.a in Frameworks */,
				15A8A4881834C90F00142BE0 /* libcurl.dylib in Frameworks */,
				50D7C97017EBBEEC005D0B91 /* IOKit.framework in Frameworks */,
				50D7C96E17EBBEE6005D0B91 /* AppKit.framework in Frameworks */,
				50D7C96C17EBBEDF005D0B91 /* OpenGL.framework in Frameworks */,
				5023813717EBBCE400990C9B /* libz.dylib in Frameworks */,
				5023813E17EBBCE400990C9B /* QuartzCore.framework in Frameworks */,
				5023814017EBBCE400990C9B /* OpenAL.framework in Frameworks */,
				5023814117EBBCE400990C9B /* AudioToolbox.framework in Frameworks */,
				5023814417EBBCE400990C9B /* Foundation.framework in Frameworks */,
				5B25A55C21685926001E2CC6 /* StoreKit.framework in Frameworks */,
				5023814517EBBCE400990C9B /* CoreGraphics.framework in Frameworks */,
				5B25A55A21685922001E2CC6 /* GameKit.framework in Frameworks */,
			);
			runOnlyForDeploymentPostprocessing = 0;
		};
		F293B3C515EB7BE500256477 /* Frameworks */ = {
			isa = PBXFrameworksBuildPhase;
			buildActionMask = 2147483647;
			files = (
				294D0D721D0D572600F7F5D4 /* CoreText.framework in Frameworks */,
				9FA3AE4E1BE9BCC900FC9645 /* CFNetwork.framework in Frameworks */,
				ED545A891B68A23E00C3958E /* libiconv.dylib in Frameworks */,
				5B25A5552168581C001E2CC6 /* StoreKit.framework in Frameworks */,
				9FF504871A5E88CE00AFDA55 /* libsimulator iOS.a in Frameworks */,
				5200BECA1A53D9A500AC45E4 /* Security.framework in Frameworks */,
				15427CD5198F222200DC375D /* libluacocos2d iOS.a in Frameworks */,
				15427CD3198F221400DC375D /* libcocos2d iOS.a in Frameworks */,
				3EEEDB61197107C0006A9FF8 /* MediaPlayer.framework in Frameworks */,
				D6B061351803AC000077942B /* CoreMotion.framework in Frameworks */,
				1AF4C403178663F200122817 /* libz.dylib in Frameworks */,
				50805AAF17EBBEAA004CFAD3 /* UIKit.framework in Frameworks */,
				5023817A17EBBE8300990C9B /* OpenGLES.framework in Frameworks */,
				F293B3CD15EB7BE500256477 /* QuartzCore.framework in Frameworks */,
				F293B3D115EB7BE500256477 /* OpenAL.framework in Frameworks */,
				F293B3D315EB7BE500256477 /* AudioToolbox.framework in Frameworks */,
				F293B3D515EB7BE500256477 /* AVFoundation.framework in Frameworks */,
				F293B3D915EB7BE500256477 /* Foundation.framework in Frameworks */,
				F293B3DB15EB7BE500256477 /* CoreGraphics.framework in Frameworks */,
				5B25A5572168581F001E2CC6 /* GameKit.framework in Frameworks */,
			);
			runOnlyForDeploymentPostprocessing = 0;
		};
/* End PBXFrameworksBuildPhase section */

/* Begin PBXGroup section */
		15A8A4041834BDA200142BE0 /* Products */ = {
			isa = PBXGroup;
			children = (
				15A8A4171834BDA200142BE0 /* libcocos2d Mac.a */,
				15A8A4251834BDA200142BE0 /* libcocos2d iOS.a */,
				5BB495D620B3BB5B00199E68 /* libcocos2d tvOS.a */,
			);
			name = Products;
			sourceTree = "<group>";
		};
		5023810617EBBCAC00990C9B /* ios */ = {
			isa = PBXGroup;
			children = (
				5BB495E220B3D41E00199E68 /* Launch Screen.storyboard */,
				5BB495DF20B3D2EA00199E68 /* InfoPlist.strings */,
				5BB495DE20B3D2EA00199E68 /* Localizable.strings */,
				5023810717EBBCAC00990C9B /* AppController.h */,
				5023810817EBBCAC00990C9B /* AppController.mm */,
				5023811317EBBCAC00990C9B /* Info.plist */,
				5023811417EBBCAC00990C9B /* main.m */,
				5023811517EBBCAC00990C9B /* Prefix.pch */,
				5023811617EBBCAC00990C9B /* RootViewController.h */,
				5023811717EBBCAC00990C9B /* RootViewController.mm */,
			);
			path = ios;
			sourceTree = "<group>";
		};
		5023817117EBBE3400990C9B /* mac */ = {
			isa = PBXGroup;
			children = (
				9FF504811A5E87B100AFDA55 /* ConsoleWindow.xib */,
				9FF504821A5E87B100AFDA55 /* ConsoleWindowController.h */,
				9FF504831A5E87B100AFDA55 /* ConsoleWindowController.m */,
				5023817217EBBE3400990C9B /* Icon.icns */,
				9FFC07341A4A764100AED399 /* MainMenu.xib */,
				C07828F418B4D72E00BD2287 /* main.m */,
				C07828F618B4D72E00BD2287 /* SimulatorApp.h */,
				C07828F718B4D72E00BD2287 /* SimulatorApp.mm */,
				5023817317EBBE3400990C9B /* Info.plist */,
				5023817517EBBE3400990C9B /* Prefix.pch */,
			);
			path = mac;
			sourceTree = "<group>";
		};
		5BB496E420B413A200199E68 /* protobuf */ = {
			isa = PBXGroup;
			children = (
				5BB496E520B413A200199E68 /* pbc-lua.h */,
				5BB496E620B413A200199E68 /* varint.h */,
				5BB496E720B413A200199E68 /* proto.h */,
				5BB496E820B413A200199E68 /* descriptor.pbc.h */,
				5BB496E920B413A200199E68 /* array.c */,
				5BB496EA20B413A200199E68 /* map.h */,
				5BB496EB20B413A200199E68 /* rmessage.c */,
				5BB496EC20B413A200199E68 /* register.c */,
				5BB496ED20B413A200199E68 /* context.h */,
				5BB496EE20B413A200199E68 /* decode.c */,
				5BB496EF20B413A200199E68 /* stringpool.c */,
				5BB496F020B413A200199E68 /* bootstrap.h */,
				5BB496F120B413A200199E68 /* pattern.h */,
				5BB496F220B413A200199E68 /* alloc.c */,
				5BB496F320B413A200199E68 /* script */,
				5BB496F520B413A200199E68 /* varint.c */,
				5BB496F620B413A200199E68 /* pbc-lua.c */,
				5BB496F720B413A200199E68 /* array.h */,
				5BB496F820B413A200199E68 /* map.c */,
				5BB496F920B413A200199E68 /* proto.c */,
				5BB496FA20B413A200199E68 /* context.c */,
				5BB496FB20B413A200199E68 /* pbc.h */,
				5BB496FC20B413A200199E68 /* wmessage.c */,
				5BB496FD20B413A200199E68 /* alloc.h */,
				5BB496FE20B413A200199E68 /* pattern.c */,
				5BB496FF20B413A200199E68 /* bootstrap.c */,
				5BB4970020B413A200199E68 /* stringpool.h */,
			);
			name = protobuf;
			path = ../../../3rd/protobuf;
			sourceTree = "<group>";
		};
		5BB496F320B413A200199E68 /* script */ = {
			isa = PBXGroup;
			children = (
				5BB496F420B413A200199E68 /* protobuf.lua */,
			);
			path = script;
			sourceTree = "<group>";
		};
		9FF504791A5E86D600AFDA55 /* Products */ = {
			isa = PBXGroup;
			children = (
				9FF5047E1A5E86D600AFDA55 /* libsimulator Mac.a */,
				9FF504801A5E86D600AFDA55 /* libsimulator iOS.a */,
			);
			name = Products;
			sourceTree = "<group>";
		};
		C03781AF18BF654500FE4F13 /* Products */ = {
			isa = PBXGroup;
			children = (
				15427CC2198F220600DC375D /* libluacocos2d Mac.a */,
				15427CD2198F220600DC375D /* libluacocos2d iOS.a */,
				5BB495D920B3BB5B00199E68 /* libluacocos2d tvOS.a */,
			);
			name = Products;
			sourceTree = "<group>";
		};
		F293B3BD15EB7BE500256477 = {
			isa = PBXGroup;
			children = (
				5B25A55821685914001E2CC6 /* DouDiZhu-desktop.entitlements */,
				5BB496E420B413A200199E68 /* protobuf */,
				9FF504781A5E86D600AFDA55 /* libsimulator.xcodeproj */,
				C03781AE18BF654500FE4F13 /* cocos2d_lua_bindings.xcodeproj */,
				15A8A4031834BDA200142BE0 /* cocos2d_libs.xcodeproj */,
				5023810617EBBCAC00990C9B /* ios */,
				5023817117EBBE3400990C9B /* mac */,
				F293BB7C15EB830F00256477 /* Classes */,
				F293B3CB15EB7BE500256477 /* Frameworks */,
				F293B3C915EB7BE500256477 /* Products */,
				F293BC4615EB859D00256477 /* Resources */,
			);
			sourceTree = "<group>";
		};
		F293B3C915EB7BE500256477 /* Products */ = {
			isa = PBXGroup;
			children = (
				F293B3C815EB7BE500256477 /* DouDiZhu-mobile.app */,
				5023816B17EBBCE400990C9B /* DouDiZhu-desktop.app */,
			);
			name = Products;
			sourceTree = "<group>";
		};
		F293B3CB15EB7BE500256477 /* Frameworks */ = {
			isa = PBXGroup;
			children = (
				5B25A55B21685926001E2CC6 /* StoreKit.framework */,
				5B25A55921685922001E2CC6 /* GameKit.framework */,
				5B25A5562168581F001E2CC6 /* GameKit.framework */,
				5B25A5542168581C001E2CC6 /* StoreKit.framework */,
				294D0D711D0D572600F7F5D4 /* CoreText.framework */,
				9FA3AE4D1BE9BCC900FC9645 /* CFNetwork.framework */,
				ED545A8A1B68A24500C3958E /* libiconv.dylib */,
				ED545A881B68A23E00C3958E /* libiconv.dylib */,
				DA9E7D871AB1ABCC004B27C8 /* Security.framework */,
				5200BEC91A53D9A500AC45E4 /* Security.framework */,
				3EEEDB60197107C0006A9FF8 /* MediaPlayer.framework */,
				15A8A4871834C90E00142BE0 /* libcurl.dylib */,
				D6B061341803AC000077942B /* CoreMotion.framework */,
				50D7C96F17EBBEEC005D0B91 /* IOKit.framework */,
				50D7C96D17EBBEE6005D0B91 /* AppKit.framework */,
				50D7C96B17EBBEDF005D0B91 /* OpenGL.framework */,
				50805AAE17EBBEAA004CFAD3 /* UIKit.framework */,
				5023817917EBBE8300990C9B /* OpenGLES.framework */,
				1AF4C402178663F200122817 /* libz.dylib */,
				15C1568D1683131500D239F2 /* libcurl.a */,
				F293B3CC15EB7BE500256477 /* QuartzCore.framework */,
				F293B3CE15EB7BE500256477 /* OpenGLES.framework */,
				F293B3D015EB7BE500256477 /* OpenAL.framework */,
				F293B3D215EB7BE500256477 /* AudioToolbox.framework */,
				F293B3D415EB7BE500256477 /* AVFoundation.framework */,
				F293B3D615EB7BE500256477 /* UIKit.framework */,
				F293B3D815EB7BE500256477 /* Foundation.framework */,
				F293B3DA15EB7BE500256477 /* CoreGraphics.framework */,
			);
			name = Frameworks;
			sourceTree = "<group>";
		};
		F293BB7C15EB830F00256477 /* Classes */ = {
			isa = PBXGroup;
			children = (
				15427CE2198F237300DC375D /* lua_module_register.h */,
				F293BB7E15EB831F00256477 /* AppDelegate.cpp */,
				F293BB7F15EB831F00256477 /* AppDelegate.h */,
				5B6B3BA22100669D00E3C7B6 /* Constants.h */,
				5B25A55D21685C1C001E2CC6 /* LuaSkynet.cpp */,
				5B25A55E21685C1C001E2CC6 /* LuaSkynet.h */,
				5B6B3BA02100669D00E3C7B6 /* LuaCall.cpp */,
				5B6B3BA12100669D00E3C7B6 /* LuaCall.h */,
				5B6B3B9D2100669C00E3C7B6 /* luaproc.c */,
				5B6B3B9A2100669C00E3C7B6 /* luaproc.h */,
				5B6B3B9E2100669C00E3C7B6 /* Settings.cpp */,
				5B6B3B9F2100669D00E3C7B6 /* Settings.h */,
				5B6B3BA72100673E00E3C7B6 /* LuaYunCheng.cpp */,
				5B6B3BA92100673E00E3C7B6 /* LuaYunCheng.h */,
				5B6B3BA62100673E00E3C7B6 /* YunChengAI.cpp */,
				5B6B3BA82100673E00E3C7B6 /* YunChengAI.h */,
				5B6B3BAD210067B000E3C7B6 /* PermutationCombine.cpp */,
				5B6B3BAC210067AF00E3C7B6 /* PermutationCombine.h */,
				5B6B3BAF2100694100E3C7B6 /* AutoLock.cpp */,
				5B6B3BB02100694100E3C7B6 /* AutoLock.h */,
			);
			name = Classes;
			sourceTree = "<group>";
		};
		F293BC4615EB859D00256477 /* Resources */ = {
			isa = PBXGroup;
			children = (
				5BB495DC20B3D29F00199E68 /* Default-Landscape.png */,
				5BB495DA20B3D1F700199E68 /* Images.xcassets */,
				C05D1C111923449100B808A4 /* config.json */,
				C03781B718BF655400FE4F13 /* res */,
				C03781B818BF655400FE4F13 /* src */,
			);
			name = Resources;
			path = ../Resources;
			sourceTree = "<group>";
		};
/* End PBXGroup section */

/* Begin PBXNativeTarget section */
		5023812617EBBCE400990C9B /* DouDiZhu-desktop */ = {
			isa = PBXNativeTarget;
			buildConfigurationList = 5023816817EBBCE400990C9B /* Build configuration list for PBXNativeTarget "DouDiZhu-desktop" */;
			buildPhases = (
				5023813117EBBCE400990C9B /* Sources */,
				5023813617EBBCE400990C9B /* Frameworks */,
				5023814617EBBCE400990C9B /* Resources */,
			);
			buildRules = (
			);
			dependencies = (
				9FEE0E441A5FC95000FEA1B0 /* PBXTargetDependency */,
				9FF505C11A5F0F0900AFDA55 /* PBXTargetDependency */,
				152A34B9199CE758004B68DC /* PBXTargetDependency */,
				C0A2F04118975FF80072A7AB /* PBXTargetDependency */,
			);
			name = "DouDiZhu-desktop";
			productName = DouDiZhu;
			productReference = 5023816B17EBBCE400990C9B /* DouDiZhu-desktop.app */;
			productType = "com.apple.product-type.application";
		};
		F293B3C715EB7BE500256477 /* DouDiZhu-mobile */ = {
			isa = PBXNativeTarget;
			buildConfigurationList = F293B6C415EB7BEA00256477 /* Build configuration list for PBXNativeTarget "DouDiZhu-mobile" */;
			buildPhases = (
				F293B3C415EB7BE500256477 /* Sources */,
				F293B3C515EB7BE500256477 /* Frameworks */,
				F293B3C615EB7BE500256477 /* Resources */,
				3EC988201966433500A45E0E /* ShellScript */,
			);
			buildRules = (
			);
			dependencies = (
				9FF504891A5E8B4C00AFDA55 /* PBXTargetDependency */,
				152A349F199CE72E004B68DC /* PBXTargetDependency */,
				15D1F3091994BBCA00302043 /* PBXTargetDependency */,
			);
			name = "DouDiZhu-mobile";
			productName = DouDiZhu;
			productReference = F293B3C815EB7BE500256477 /* DouDiZhu-mobile.app */;
			productType = "com.apple.product-type.application";
		};
/* End PBXNativeTarget section */

/* Begin PBXProject section */
		F293B3BF15EB7BE500256477 /* Project object */ = {
			isa = PBXProject;
			attributes = {
				LastUpgradeCheck = 0940;
				TargetAttributes = {
					5023812617EBBCE400990C9B = {
						SystemCapabilities = {
							com.apple.GameCenter.Mac = {
								enabled = 1;
							};
							com.apple.InAppPurchase = {
								enabled = 1;
							};
							com.apple.Sandbox = {
								enabled = 1;
							};
						};
					};
					F293B3C715EB7BE500256477 = {
						DevelopmentTeam = 6HM5389T6D;
						SystemCapabilities = {
							com.apple.GameCenter.iOS = {
								enabled = 1;
							};
							com.apple.InAppPurchase = {
								enabled = 1;
							};
						};
					};
				};
			};
			buildConfigurationList = F293B3C215EB7BE500256477 /* Build configuration list for PBXProject "DouDiZhu" */;
			compatibilityVersion = "Xcode 3.2";
			developmentRegion = English;
			hasScannedForEncodings = 0;
			knownRegions = (
				en,
				Base,
				"zh-Hans",
			);
			mainGroup = F293B3BD15EB7BE500256477;
			productRefGroup = F293B3C915EB7BE500256477 /* Products */;
			projectDirPath = "";
			projectReferences = (
				{
					ProductGroup = 15A8A4041834BDA200142BE0 /* Products */;
					ProjectRef = 15A8A4031834BDA200142BE0 /* cocos2d_libs.xcodeproj */;
				},
				{
					ProductGroup = C03781AF18BF654500FE4F13 /* Products */;
					ProjectRef = C03781AE18BF654500FE4F13 /* cocos2d_lua_bindings.xcodeproj */;
				},
				{
					ProductGroup = 9FF504791A5E86D600AFDA55 /* Products */;
					ProjectRef = 9FF504781A5E86D600AFDA55 /* libsimulator.xcodeproj */;
				},
			);
			projectRoot = "";
			targets = (
				F293B3C715EB7BE500256477 /* DouDiZhu-mobile */,
				5023812617EBBCE400990C9B /* DouDiZhu-desktop */,
			);
		};
/* End PBXProject section */

/* Begin PBXReferenceProxy section */
		15427CC2198F220600DC375D /* libluacocos2d Mac.a */ = {
			isa = PBXReferenceProxy;
			fileType = archive.ar;
			path = "libluacocos2d Mac.a";
			remoteRef = 15427CC1198F220600DC375D /* PBXContainerItemProxy */;
			sourceTree = BUILT_PRODUCTS_DIR;
		};
		15427CD2198F220600DC375D /* libluacocos2d iOS.a */ = {
			isa = PBXReferenceProxy;
			fileType = archive.ar;
			path = "libluacocos2d iOS.a";
			remoteRef = 15427CD1198F220600DC375D /* PBXContainerItemProxy */;
			sourceTree = BUILT_PRODUCTS_DIR;
		};
		15A8A4171834BDA200142BE0 /* libcocos2d Mac.a */ = {
			isa = PBXReferenceProxy;
			fileType = archive.ar;
			path = "libcocos2d Mac.a";
			remoteRef = 15A8A4161834BDA200142BE0 /* PBXContainerItemProxy */;
			sourceTree = BUILT_PRODUCTS_DIR;
		};
		15A8A4251834BDA200142BE0 /* libcocos2d iOS.a */ = {
			isa = PBXReferenceProxy;
			fileType = archive.ar;
			path = "libcocos2d iOS.a";
			remoteRef = 15A8A4241834BDA200142BE0 /* PBXContainerItemProxy */;
			sourceTree = BUILT_PRODUCTS_DIR;
		};
		5BB495D620B3BB5B00199E68 /* libcocos2d tvOS.a */ = {
			isa = PBXReferenceProxy;
			fileType = archive.ar;
			path = "libcocos2d tvOS.a";
			remoteRef = 5BB495D520B3BB5B00199E68 /* PBXContainerItemProxy */;
			sourceTree = BUILT_PRODUCTS_DIR;
		};
		5BB495D920B3BB5B00199E68 /* libluacocos2d tvOS.a */ = {
			isa = PBXReferenceProxy;
			fileType = archive.ar;
			path = "libluacocos2d tvOS.a";
			remoteRef = 5BB495D820B3BB5B00199E68 /* PBXContainerItemProxy */;
			sourceTree = BUILT_PRODUCTS_DIR;
		};
		9FF5047E1A5E86D600AFDA55 /* libsimulator Mac.a */ = {
			isa = PBXReferenceProxy;
			fileType = archive.ar;
			path = "libsimulator Mac.a";
			remoteRef = 9FF5047D1A5E86D600AFDA55 /* PBXContainerItemProxy */;
			sourceTree = BUILT_PRODUCTS_DIR;
		};
		9FF504801A5E86D600AFDA55 /* libsimulator iOS.a */ = {
			isa = PBXReferenceProxy;
			fileType = archive.ar;
			path = "libsimulator iOS.a";
			remoteRef = 9FF5047F1A5E86D600AFDA55 /* PBXContainerItemProxy */;
			sourceTree = BUILT_PRODUCTS_DIR;
		};
/* End PBXReferenceProxy section */

/* Begin PBXResourcesBuildPhase section */
		5023814617EBBCE400990C9B /* Resources */ = {
			isa = PBXResourcesBuildPhase;
			buildActionMask = 2147483647;
			files = (
				C03781BA18BF655400FE4F13 /* res in Resources */,
				C03781BC18BF655400FE4F13 /* src in Resources */,
				9FF504841A5E87B100AFDA55 /* ConsoleWindow.xib in Resources */,
				5023817617EBBE3400990C9B /* Icon.icns in Resources */,
				9FFC07361A4A764100AED399 /* MainMenu.xib in Resources */,
				5BB4971020B413A200199E68 /* protobuf.lua in Resources */,
				C05D1C131923449100B808A4 /* config.json in Resources */,
			);
			runOnlyForDeploymentPostprocessing = 0;
		};
		F293B3C615EB7BE500256477 /* Resources */ = {
			isa = PBXResourcesBuildPhase;
			buildActionMask = 2147483647;
			files = (
				C03781B918BF655400FE4F13 /* res in Resources */,
				5BB4970F20B413A200199E68 /* protobuf.lua in Resources */,
				5BB495E120B3D2EA00199E68 /* InfoPlist.strings in Resources */,
				5BB495E320B3D41E00199E68 /* Launch Screen.storyboard in Resources */,
				5BB495E020B3D2EA00199E68 /* Localizable.strings in Resources */,
				5BB495DB20B3D1F700199E68 /* Images.xcassets in Resources */,
				C03781BB18BF655400FE4F13 /* src in Resources */,
				5BB495DD20B3D29F00199E68 /* Default-Landscape.png in Resources */,
				C05D1C121923449100B808A4 /* config.json in Resources */,
			);
			runOnlyForDeploymentPostprocessing = 0;
		};
/* End PBXResourcesBuildPhase section */

/* Begin PBXShellScriptBuildPhase section */
		3EC988201966433500A45E0E /* ShellScript */ = {
			isa = PBXShellScriptBuildPhase;
			buildActionMask = 2147483647;
			files = (
			);
			inputPaths = (
			);
			outputPaths = (
			);
			runOnlyForDeploymentPostprocessing = 0;
			shellPath = /bin/sh;
			shellScript = "find ${SRCROOT}/../../../src/ -name \"*\" -exec touch -cm {} \\;\nfind ${SRCROOT}/../../../res/ -name \"*\" -exec touch -cm {} \\;";
		};
/* End PBXShellScriptBuildPhase section */

/* Begin PBXSourcesBuildPhase section */
		5023813117EBBCE400990C9B /* Sources */ = {
			isa = PBXSourcesBuildPhase;
			buildActionMask = 2147483647;
			files = (
				5BB4970820B413A200199E68 /* register.c in Sources */,
				5BB4971620B413A200199E68 /* map.c in Sources */,
				5BB4971820B413A200199E68 /* proto.c in Sources */,
				C07828FA18B4D72E00BD2287 /* SimulatorApp.mm in Sources */,
				5BB4971420B413A200199E68 /* pbc-lua.c in Sources */,
				5B25A56021685C1C001E2CC6 /* LuaSkynet.cpp in Sources */,
				5BB4970C20B413A200199E68 /* stringpool.c in Sources */,
				5BB4972020B413A200199E68 /* bootstrap.c in Sources */,
				5BB4971A20B413A200199E68 /* context.c in Sources */,
				5BB4971C20B413A200199E68 /* wmessage.c in Sources */,
				5BB4971220B413A200199E68 /* varint.c in Sources */,
				5BB4970E20B413A200199E68 /* alloc.c in Sources */,
				5023813317EBBCE400990C9B /* AppDelegate.cpp in Sources */,
				5BB4970620B413A200199E68 /* rmessage.c in Sources */,
				9FF504851A5E87B100AFDA55 /* ConsoleWindowController.m in Sources */,
				5BB4970A20B413A200199E68 /* decode.c in Sources */,
				5BB4971E20B413A200199E68 /* pattern.c in Sources */,
				C07828F818B4D72E00BD2287 /* main.m in Sources */,
				5BB4970420B413A200199E68 /* array.c in Sources */,
			);
			runOnlyForDeploymentPostprocessing = 0;
		};
		F293B3C415EB7BE500256477 /* Sources */ = {
			isa = PBXSourcesBuildPhase;
			buildActionMask = 2147483647;
			files = (
				5BB4970720B413A200199E68 /* register.c in Sources */,
				5B6B3BA52100669D00E3C7B6 /* LuaCall.cpp in Sources */,
				5B6B3BB12100694200E3C7B6 /* AutoLock.cpp in Sources */,
				5BB4971520B413A200199E68 /* map.c in Sources */,
				5B6B3BA42100669D00E3C7B6 /* Settings.cpp in Sources */,
				5BB4971720B413A200199E68 /* proto.c in Sources */,
				5023812517EBBCAC00990C9B /* RootViewController.mm in Sources */,
				5B6B3BAA2100673E00E3C7B6 /* YunChengAI.cpp in Sources */,
				5BB4971320B413A200199E68 /* pbc-lua.c in Sources */,
				5BB4970B20B413A200199E68 /* stringpool.c in Sources */,
				5B25A55F21685C1C001E2CC6 /* LuaSkynet.cpp in Sources */,
				5B6B3BA32100669D00E3C7B6 /* luaproc.c in Sources */,
				5BB4971F20B413A200199E68 /* bootstrap.c in Sources */,
				5BB4971920B413A200199E68 /* context.c in Sources */,
				5BB4971B20B413A200199E68 /* wmessage.c in Sources */,
				5BB4971120B413A200199E68 /* varint.c in Sources */,
				5B6B3BAB2100673E00E3C7B6 /* LuaYunCheng.cpp in Sources */,
				5BB4970D20B413A200199E68 /* alloc.c in Sources */,
				F293BB9C15EB831F00256477 /* AppDelegate.cpp in Sources */,
				5BB4970520B413A200199E68 /* rmessage.c in Sources */,
				5023812417EBBCAC00990C9B /* main.m in Sources */,
				5BB4970920B413A200199E68 /* decode.c in Sources */,
				5B6B3BAE210067B000E3C7B6 /* PermutationCombine.cpp in Sources */,
				5BB4971D20B413A200199E68 /* pattern.c in Sources */,
				5023811817EBBCAC00990C9B /* AppController.mm in Sources */,
				5BB4970320B413A200199E68 /* array.c in Sources */,
			);
			runOnlyForDeploymentPostprocessing = 0;
		};
/* End PBXSourcesBuildPhase section */

/* Begin PBXTargetDependency section */
		152A349F199CE72E004B68DC /* PBXTargetDependency */ = {
			isa = PBXTargetDependency;
			name = "libluacocos2d iOS";
			targetProxy = 152A349E199CE72E004B68DC /* PBXContainerItemProxy */;
		};
		152A34B9199CE758004B68DC /* PBXTargetDependency */ = {
			isa = PBXTargetDependency;
			name = "libluacocos2d Mac";
			targetProxy = 152A34B8199CE758004B68DC /* PBXContainerItemProxy */;
		};
		15D1F3091994BBCA00302043 /* PBXTargetDependency */ = {
			isa = PBXTargetDependency;
			name = "libcocos2d iOS";
			targetProxy = 15D1F3081994BBCA00302043 /* PBXContainerItemProxy */;
		};
		9FEE0E441A5FC95000FEA1B0 /* PBXTargetDependency */ = {
			isa = PBXTargetDependency;
			name = libsimulator;
			targetProxy = 9FEE0E431A5FC95000FEA1B0 /* PBXContainerItemProxy */;
		};
		9FF504891A5E8B4C00AFDA55 /* PBXTargetDependency */ = {
			isa = PBXTargetDependency;
			name = libsimulator_iOS;
			targetProxy = 9FF504881A5E8B4C00AFDA55 /* PBXContainerItemProxy */;
		};
		9FF505C11A5F0F0900AFDA55 /* PBXTargetDependency */ = {
			isa = PBXTargetDependency;
			name = libsimulator;
		};
		C0A2F04118975FF80072A7AB /* PBXTargetDependency */ = {
			isa = PBXTargetDependency;
			name = "cocos2dx Mac";
			targetProxy = C0A2F04018975FF80072A7AB /* PBXContainerItemProxy */;
		};
/* End PBXTargetDependency section */

/* Begin PBXVariantGroup section */
		9FFC07341A4A764100AED399 /* MainMenu.xib */ = {
			isa = PBXVariantGroup;
			children = (
				9FFC07351A4A764100AED399 /* Base */,
				9FFC07371A4A765100AED399 /* zh-Hans */,
			);
			name = MainMenu.xib;
			sourceTree = "<group>";
		};
/* End PBXVariantGroup section */

/* Begin XCBuildConfiguration section */
		5023816917EBBCE400990C9B /* Debug */ = {
			isa = XCBuildConfiguration;
			buildSettings = {
				ALWAYS_SEARCH_USER_PATHS = YES;
				CLANG_ENABLE_OBJC_WEAK = YES;
				CODE_SIGN_ENTITLEMENTS = "DouDiZhu-desktop.entitlements";
				COMBINE_HIDPI_IMAGES = YES;
				CONFIGURATION_BUILD_DIR = ../../../runtime/mac;
				GCC_DYNAMIC_NO_PIC = NO;
				GCC_PRECOMPILE_PREFIX_HEADER = YES;
				GCC_PREFIX_HEADER = mac/Prefix.pch;
				GCC_PREPROCESSOR_DEFINITIONS = (
					GLFW_EXPOSE_NATIVE_COCOA,
					GLFW_EXPOSE_NATIVE_NSGL,
					"$(inherited)",
				);
				HEADER_SEARCH_PATHS = (
					"$(SRCROOT)/../Classes/protobuf-lite",
					"$(SRCROOT)/../Classes",
					"$(SRCROOT)/../../cocos2d-x/tools/simulator/libsimulator/lib",
				);
				INFOPLIST_FILE = mac/Info.plist;
				LIBRARY_SEARCH_PATHS = "";
				MACOSX_DEPLOYMENT_TARGET = 10.7;
				OTHER_LDFLAGS = (
					"-image_base",
					100000000,
					"-pagezero_size",
					10000,
					"$(_COCOS_LIB_MAC_BEGIN)",
					"$(_COCOS_LIB_MAC_END)",
				);
				PRODUCT_BUNDLE_IDENTIFIER = com.cronlygames.landlord;
				SDKROOT = macosx;
				USER_HEADER_SEARCH_PATHS = "$(inherited) $(SRCROOT)/../../cocos2d-x/external/glfw3/include/mac $(_COCOS_HEADER_MAC_BEGIN) $(_COCOS_HEADER_MAC_END)";
				VALID_ARCHS = x86_64;
			};
			name = Debug;
		};
		5023816A17EBBCE400990C9B /* Release */ = {
			isa = XCBuildConfiguration;
			buildSettings = {
				ALWAYS_SEARCH_USER_PATHS = YES;
				CLANG_ENABLE_OBJC_WEAK = YES;
				CODE_SIGN_ENTITLEMENTS = "DouDiZhu-desktop.entitlements";
				COMBINE_HIDPI_IMAGES = YES;
				GCC_PRECOMPILE_PREFIX_HEADER = YES;
				GCC_PREFIX_HEADER = mac/Prefix.pch;
				GCC_PREPROCESSOR_DEFINITIONS = (
					GLFW_EXPOSE_NATIVE_COCOA,
					GLFW_EXPOSE_NATIVE_NSGL,
					"$(inherited)",
				);
				HEADER_SEARCH_PATHS = (
					"$(SRCROOT)/../Classes/protobuf-lite",
					"$(SRCROOT)/../Classes",
					"$(SRCROOT)/../../cocos2d-x/tools/simulator/libsimulator/lib",
				);
				INFOPLIST_FILE = mac/Info.plist;
				LIBRARY_SEARCH_PATHS = "";
				MACOSX_DEPLOYMENT_TARGET = 10.7;
				OTHER_LDFLAGS = (
					"-image_base",
					100000000,
					"-pagezero_size",
					10000,
					"$(_COCOS_LIB_MAC_BEGIN)",
					"$(_COCOS_LIB_MAC_END)",
				);
				PRODUCT_BUNDLE_IDENTIFIER = com.cronlygames.landlord;
				SDKROOT = macosx;
				USER_HEADER_SEARCH_PATHS = "$(inherited) $(SRCROOT)/../../cocos2d-x/external/glfw3/include/mac $(_COCOS_HEADER_MAC_BEGIN) $(_COCOS_HEADER_MAC_END)";
				VALID_ARCHS = x86_64;
			};
			name = Release;
		};
		F293B6C215EB7BEA00256477 /* Debug */ = {
			isa = XCBuildConfiguration;
			buildSettings = {
				CLANG_ANALYZER_LOCALIZABILITY_NONLOCALIZED = YES;
				CLANG_CXX_LANGUAGE_STANDARD = "c++0x";
				CLANG_CXX_LIBRARY = "libc++";
				CLANG_WARN_BLOCK_CAPTURE_AUTORELEASING = YES;
				CLANG_WARN_BOOL_CONVERSION = YES;
				CLANG_WARN_COMMA = YES;
				CLANG_WARN_CONSTANT_CONVERSION = YES;
				CLANG_WARN_DEPRECATED_OBJC_IMPLEMENTATIONS = YES;
				CLANG_WARN_EMPTY_BODY = YES;
				CLANG_WARN_ENUM_CONVERSION = YES;
				CLANG_WARN_INFINITE_RECURSION = YES;
				CLANG_WARN_INT_CONVERSION = YES;
				CLANG_WARN_NON_LITERAL_NULL_CONVERSION = YES;
				CLANG_WARN_OBJC_IMPLICIT_RETAIN_SELF = YES;
				CLANG_WARN_OBJC_LITERAL_CONVERSION = YES;
				CLANG_WARN_RANGE_LOOP_ANALYSIS = YES;
				CLANG_WARN_STRICT_PROTOTYPES = YES;
				CLANG_WARN_SUSPICIOUS_MOVE = YES;
				CLANG_WARN_UNREACHABLE_CODE = YES;
				CLANG_WARN__DUPLICATE_METHOD_MATCH = YES;
				COPY_PHASE_STRIP = NO;
				ENABLE_STRICT_OBJC_MSGSEND = YES;
				ENABLE_TESTABILITY = YES;
				GCC_C_LANGUAGE_STANDARD = c99;
				GCC_NO_COMMON_BLOCKS = YES;
				GCC_OPTIMIZATION_LEVEL = 0;
				GCC_PREPROCESSOR_DEFINITIONS = (
					DEBUG,
					"COCOS2D_DEBUG=1",
					USE_FILE32API,
					"CC_LUA_ENGINE_ENABLED=1",
					"CC_ENABLE_CHIPMUNK_INTEGRATION=0",
					GLFW_EXPOSE_NATIVE_COCOA,
					LUA_COMPAT_5_1,
					LUA_COMPAT_APIINTCASTS,
				);
				GCC_SYMBOLS_PRIVATE_EXTERN = NO;
				GCC_WARN_64_TO_32_BIT_CONVERSION = YES;
				GCC_WARN_ABOUT_RETURN_TYPE = YES;
				GCC_WARN_UNDECLARED_SELECTOR = YES;
				GCC_WARN_UNINITIALIZED_AUTOS = YES;
				GCC_WARN_UNUSED_FUNCTION = YES;
				GCC_WARN_UNUSED_VARIABLE = YES;
				HEADER_SEARCH_PATHS = "";
				IPHONEOS_DEPLOYMENT_TARGET = 8.0;
				MACOSX_DEPLOYMENT_TARGET = 10.7;
				ONLY_ACTIVE_ARCH = YES;
				PRODUCT_NAME = "$(TARGET_NAME)";
				USER_HEADER_SEARCH_PATHS = "$(SRCROOT)/../../cocos2d-x $(SRCROOT)/../../cocos2d-x/cocos/audio/include $(SRCROOT)/../../cocos2d-x/cocos $(SRCROOT)/../../cocos2d-x/extensions $(SRCROOT)/../../cocos2d-x/external $(SRCROOT)/../../cocos2d-x/external/chipmunk/include/chipmunk $(SRCROOT)/../../../3rd/lua $(SRCROOT)/../../cocos2d-x/external/lua $(SRCROOT)/../../cocos2d-x/external/lua/tolua $(SRCROOT)/../../cocos2d-x/tools/simulator/libsimulator/lib $(SRCROOT)/../../cocos2d-x/tools/simulator/libsimulator/lib/protobuf-lite $(SRCROOT)/../../cocos2d-x/cocos/editor-support";
			};
			name = Debug;
		};
		F293B6C315EB7BEA00256477 /* Release */ = {
			isa = XCBuildConfiguration;
			buildSettings = {
				CLANG_ANALYZER_LOCALIZABILITY_NONLOCALIZED = YES;
				CLANG_CXX_LANGUAGE_STANDARD = "c++0x";
				CLANG_CXX_LIBRARY = "libc++";
				CLANG_WARN_BLOCK_CAPTURE_AUTORELEASING = YES;
				CLANG_WARN_BOOL_CONVERSION = YES;
				CLANG_WARN_COMMA = YES;
				CLANG_WARN_CONSTANT_CONVERSION = YES;
				CLANG_WARN_DEPRECATED_OBJC_IMPLEMENTATIONS = YES;
				CLANG_WARN_EMPTY_BODY = YES;
				CLANG_WARN_ENUM_CONVERSION = YES;
				CLANG_WARN_INFINITE_RECURSION = YES;
				CLANG_WARN_INT_CONVERSION = YES;
				CLANG_WARN_NON_LITERAL_NULL_CONVERSION = YES;
				CLANG_WARN_OBJC_IMPLICIT_RETAIN_SELF = YES;
				CLANG_WARN_OBJC_LITERAL_CONVERSION = YES;
				CLANG_WARN_RANGE_LOOP_ANALYSIS = YES;
				CLANG_WARN_STRICT_PROTOTYPES = YES;
				CLANG_WARN_SUSPICIOUS_MOVE = YES;
				CLANG_WARN_UNREACHABLE_CODE = YES;
				CLANG_WARN__DUPLICATE_METHOD_MATCH = YES;
				ENABLE_STRICT_OBJC_MSGSEND = YES;
				GCC_C_LANGUAGE_STANDARD = c99;
				GCC_NO_COMMON_BLOCKS = YES;
				GCC_PREPROCESSOR_DEFINITIONS = (
					NDEBUG,
					USE_FILE32API,
					"CC_LUA_ENGINE_ENABLED=1",
					"CC_ENABLE_CHIPMUNK_INTEGRATION=0",
					LUA_COMPAT_5_1,
					LUA_COMPAT_APIINTCASTS,
				);
				GCC_WARN_64_TO_32_BIT_CONVERSION = YES;
				GCC_WARN_ABOUT_RETURN_TYPE = YES;
				GCC_WARN_UNDECLARED_SELECTOR = YES;
				GCC_WARN_UNINITIALIZED_AUTOS = YES;
				GCC_WARN_UNUSED_FUNCTION = YES;
				GCC_WARN_UNUSED_VARIABLE = YES;
				HEADER_SEARCH_PATHS = "";
				IPHONEOS_DEPLOYMENT_TARGET = 8.0;
				MACOSX_DEPLOYMENT_TARGET = 10.7;
				OTHER_CFLAGS = "-DNS_BLOCK_ASSERTIONS=1";
				PRODUCT_NAME = "$(TARGET_NAME)";
				USER_HEADER_SEARCH_PATHS = "$(SRCROOT)/../../cocos2d-x $(SRCROOT)/../../cocos2d-x/cocos/audio/include $(SRCROOT)/../../cocos2d-x/cocos $(SRCROOT)/../../cocos2d-x/extensions $(SRCROOT)/../../cocos2d-x/external $(SRCROOT)/../../cocos2d-x/external/chipmunk/include/chipmunk $(SRCROOT)/../../../3rd/lua $(SRCROOT)/../../cocos2d-x/external/lua $(SRCROOT)/../../cocos2d-x/external/lua/tolua $(SRCROOT)/../../cocos2d-x/tools/simulator/libsimulator/lib $(SRCROOT)/../../cocos2d-x/tools/simulator/libsimulator/lib/protobuf-lite $(SRCROOT)/../../cocos2d-x/cocos/editor-support";
				VALIDATE_PRODUCT = YES;
			};
			name = Release;
		};
		F293B6C515EB7BEA00256477 /* Debug */ = {
			isa = XCBuildConfiguration;
			buildSettings = {
				ALWAYS_SEARCH_USER_PATHS = YES;
				ASSETCATALOG_COMPILER_APPICON_NAME = AppIcon;
				CLANG_ENABLE_OBJC_WEAK = YES;
				CODE_SIGN_IDENTITY = "iPhone Developer";
				COMPRESS_PNG_FILES = NO;
				DEVELOPMENT_TEAM = 6HM5389T6D;
				ENABLE_BITCODE = NO;
				GCC_DYNAMIC_NO_PIC = NO;
				GCC_PRECOMPILE_PREFIX_HEADER = YES;
				GCC_PREFIX_HEADER = ios/Prefix.pch;
				GCC_PREPROCESSOR_DEFINITIONS = "$(inherited)";
				HEADER_SEARCH_PATHS = (
					"$(SRCROOT)/../Classes/protobuf-lite",
					"$(SRCROOT)/../Classes",
					"$(SRCROOT)/../../cocos2d-x/tools/simulator/libsimulator/lib",
				);
				INFOPLIST_FILE = ios/Info.plist;
				IPHONEOS_DEPLOYMENT_TARGET = 8.0;
				LIBRARY_SEARCH_PATHS = "";
				OTHER_LDFLAGS = (
					"$(_COCOS_LIB_IOS_BEGIN)",
					"$(_COCOS_LIB_IOS_END)",
				);
				"OTHER_LDFLAGS[sdk=iphonesimulator*][arch=x86_64]" = (
					"$(_COCOS_LIB_IOS_BEGIN)",
					"$(_COCOS_LIB_IOS_END)",
					"-pagezero_size",
					10000,
					"-image_base",
					100000000,
				);
				PRODUCT_BUNDLE_IDENTIFIER = com.cronlygames.landlord;
				SDKROOT = iphoneos;
				STRIP_PNG_TEXT = NO;
				TARGETED_DEVICE_FAMILY = "1,2";
				USER_HEADER_SEARCH_PATHS = "$(inherited) $(_COCOS_HEADER_IOS_BEGIN) $(_COCOS_HEADER_IOS_END)";
				VALID_ARCHS = "arm64 armv7";
			};
			name = Debug;
		};
		F293B6C615EB7BEA00256477 /* Release */ = {
			isa = XCBuildConfiguration;
			buildSettings = {
				ALWAYS_SEARCH_USER_PATHS = YES;
				ASSETCATALOG_COMPILER_APPICON_NAME = AppIcon;
				CLANG_ENABLE_OBJC_WEAK = YES;
				CODE_SIGN_IDENTITY = "iPhone Developer";
				COMPRESS_PNG_FILES = NO;
				DEVELOPMENT_TEAM = 6HM5389T6D;
				ENABLE_BITCODE = NO;
				GCC_PRECOMPILE_PREFIX_HEADER = YES;
				GCC_PREFIX_HEADER = ios/Prefix.pch;
				GCC_PREPROCESSOR_DEFINITIONS = "$(inherited)";
				HEADER_SEARCH_PATHS = (
					"$(SRCROOT)/../Classes/protobuf-lite",
					"$(SRCROOT)/../Classes",
					"$(SRCROOT)/../../cocos2d-x/tools/simulator/libsimulator/lib",
				);
				INFOPLIST_FILE = ios/Info.plist;
				IPHONEOS_DEPLOYMENT_TARGET = 8.0;
				LIBRARY_SEARCH_PATHS = "";
				OTHER_LDFLAGS = (
					"$(_COCOS_LIB_IOS_BEGIN)",
					"$(_COCOS_LIB_IOS_END)",
				);
				"OTHER_LDFLAGS[sdk=iphonesimulator*][arch=x86_64]" = (
					"$(_COCOS_LIB_IOS_BEGIN)",
					"$(_COCOS_LIB_IOS_END)",
					"-pagezero_size",
					10000,
					"-image_base",
					100000000,
				);
				PRODUCT_BUNDLE_IDENTIFIER = com.cronlygames.landlord;
				SDKROOT = iphoneos;
				STRIP_PNG_TEXT = NO;
				TARGETED_DEVICE_FAMILY = "1,2";
				USER_HEADER_SEARCH_PATHS = "$(inherited) $(_COCOS_HEADER_IOS_BEGIN) $(_COCOS_HEADER_IOS_END)";
				VALID_ARCHS = "arm64 armv7";
			};
			name = Release;
		};
/* End XCBuildConfiguration section */

/* Begin XCConfigurationList section */
		5023816817EBBCE400990C9B /* Build configuration list for PBXNativeTarget "DouDiZhu-desktop" */ = {
			isa = XCConfigurationList;
			buildConfigurations = (
				5023816917EBBCE400990C9B /* Debug */,
				5023816A17EBBCE400990C9B /* Release */,
			);
			defaultConfigurationIsVisible = 0;
			defaultConfigurationName = Release;
		};
		F293B3C215EB7BE500256477 /* Build configuration list for PBXProject "DouDiZhu" */ = {
			isa = XCConfigurationList;
			buildConfigurations = (
				F293B6C215EB7BEA00256477 /* Debug */,
				F293B6C315EB7BEA00256477 /* Release */,
			);
			defaultConfigurationIsVisible = 0;
			defaultConfigurationName = Release;
		};
		F293B6C415EB7BEA00256477 /* Build configuration list for PBXNativeTarget "DouDiZhu-mobile" */ = {
			isa = XCConfigurationList;
			buildConfigurations = (
				F293B6C515EB7BEA00256477 /* Debug */,
				F293B6C615EB7BEA00256477 /* Release */,
			);
			defaultConfigurationIsVisible = 0;
			defaultConfigurationName = Release;
		};
/* End XCConfigurationList section */
	};
	rootObject = F293B3BF15EB7BE500256477 /* Project object */;
}
